{
    "version": 3,
    "terraform_version": "0.10.2",
    "serial": 3,
    "lineage": "5c76008b-f3bd-46ce-b1cc-ff18e6638213",
    "modules": [
        {
            "path": [
                "root"
            ],
            "outputs": {},
            "resources": {
                "aws_eip.ip": {
                    "type": "aws_eip",
                    "depends_on": [
                        "aws_instance.example"
                    ],
                    "primary": {
                        "id": "eipalloc-764d7f45",
                        "attributes": {
                            "association_id": "eipassoc-4caa4378",
                            "domain": "vpc",
                            "id": "eipalloc-764d7f45",
                            "instance": "i-06715cf42790fe8a3",
                            "network_interface": "eni-5f14cd8b",
                            "private_ip": "172.31.23.26",
                            "public_ip": "34.232.39.108",
                            "vpc": "true"
                        },
                        "meta": {},
                        "tainted": false
                    },
                    "deposed": [],
                    "provider": ""
                },
                "aws_instance.example": {
                    "type": "aws_instance",
                    "depends_on": [],
                    "primary": {
                        "id": "i-06715cf42790fe8a3",
                        "attributes": {
                            "ami": "ami-4fffc834",
                            "associate_public_ip_address": "true",
                            "availability_zone": "us-east-1d",
                            "disable_api_termination": "false",
                            "ebs_block_device.#": "0",
                            "ebs_optimized": "false",
                            "ephemeral_block_device.#": "0",
                            "iam_instance_profile": "",
                            "id": "i-06715cf42790fe8a3",
                            "instance_state": "running",
                            "instance_type": "t2.micro",
                            "ipv6_addresses.#": "0",
                            "key_name": "",
                            "monitoring": "false",
                            "network_interface.#": "0",
                            "network_interface_id": "eni-5f14cd8b",
                            "primary_network_interface_id": "eni-5f14cd8b",
                            "private_dns": "ip-172-31-23-26.ec2.internal",
                            "private_ip": "172.31.23.26",
                            "public_dns": "ec2-54-172-90-173.compute-1.amazonaws.com",
                            "public_ip": "54.172.90.173",
                            "root_block_device.#": "1",
                            "root_block_device.0.delete_on_termination": "true",
                            "root_block_device.0.iops": "100",
                            "root_block_device.0.volume_size": "8",
                            "root_block_device.0.volume_type": "gp2",
                            "security_groups.#": "0",
                            "source_dest_check": "true",
                            "subnet_id": "subnet-9b86f5d3",
                            "tags.%": "0",
                            "tenancy": "default",
                            "volume_tags.%": "0",
                            "vpc_security_group_ids.#": "1",
                            "vpc_security_group_ids.3772968043": "sg-a313acd2"
                        },
                        "meta": {
                            "e2bfb730-ecaa-11e6-8f88-34363bc7c4c0": {
                                "create": 600000000000,
                                "delete": 600000000000,
                                "update": 600000000000
                            },
                            "schema_version": "1"
                        },
                        "tainted": false
                    },
                    "deposed": [],
                    "provider": ""
                }
            },
            "depends_on": []
        }
    ]
}
